
Microsoft Visual Studio Solution File, Format Version 12.00
# Visual Studio Version 17
VisualStudioVersion = 17.14.36414.22 d17.14
MinimumVisualStudioVersion = 10.0.40219.1
Project("{FAE04EC0-301F-11D3-BF4B-00C04F79EFBC}") = "lab01", "lab01\lab01.csproj", "{779E688B-E4BE-4FCB-93BC-10B7A31E0B34}"
EndProject
Global
	GlobalSection(SolutionConfigurationPlatforms) = preSolution
		Debug|Any CPU = Debug|Any CPU
		Release|Any CPU = Release|Any CPU
	EndGlobalSection
	GlobalSection(ProjectConfigurationPlatforms) = postSolution
		{779E688B-E4BE-4FCB-93BC-10B7A31E0B34}.Debug|Any CPU.ActiveCfg = Debug|Any CPU
		{779E688B-E4BE-4FCB-93BC-10B7A31E0B34}.Debug|Any CPU.Build.0 = Debug|Any CPU
		{779E688B-E4BE-4FCB-93BC-10B7A31E0B34}.Release|Any CPU.ActiveCfg = Release|Any CPU
		{779E688B-E4BE-4FCB-93BC-10B7A31E0B34}.Release|Any CPU.Build.0 = Release|Any CPU
	EndGlobalSection
	GlobalSection(SolutionProperties) = preSolution
		HideSolutionNode = FALSE
	EndGlobalSection
	GlobalSection(ExtensibilityGlobals) = postSolution
		SolutionGuid = {62DA6CDE-F2A5-49BA-9750-59CFEAE09A42}
	EndGlobalSection
EndGlobal
