
Microsoft Visual Studio Solution File, Format Version 12.00
# Visual Studio Version 17
VisualStudioVersion = 17.14.36414.22 d17.14
MinimumVisualStudioVersion = 10.0.40219.1
Project("{FAE04EC0-301F-11D3-BF4B-00C04F79EFBC}") = "20.1", "20.1\20.1.csproj", "{C857779C-ECB4-428E-B420-F38F0E0BB032}"
EndProject
Global
	GlobalSection(SolutionConfigurationPlatforms) = preSolution
		Debug|Any CPU = Debug|Any CPU
		Release|Any CPU = Release|Any CPU
	EndGlobalSection
	GlobalSection(ProjectConfigurationPlatforms) = postSolution
		{C857779C-ECB4-428E-B420-F38F0E0BB032}.Debug|Any CPU.ActiveCfg = Debug|Any CPU
		{C857779C-ECB4-428E-B420-F38F0E0BB032}.Debug|Any CPU.Build.0 = Debug|Any CPU
		{C857779C-ECB4-428E-B420-F38F0E0BB032}.Release|Any CPU.ActiveCfg = Release|Any CPU
		{C857779C-ECB4-428E-B420-F38F0E0BB032}.Release|Any CPU.Build.0 = Release|Any CPU
	EndGlobalSection
	GlobalSection(SolutionProperties) = preSolution
		HideSolutionNode = FALSE
	EndGlobalSection
	GlobalSection(ExtensibilityGlobals) = postSolution
		SolutionGuid = {C66CF135-0B9D-485B-9E90-F7A98ACE594D}
	EndGlobalSection
EndGlobal
